
Microsoft Visual Studio Solution File, Format Version 12.00
# Visual Studio Version 16
VisualStudioVersion = 16.0.32002.261
MinimumVisualStudioVersion = 10.0.40219.1
Project("{FAE04EC0-301F-11D3-BF4B-00C04F79EFBC}") = "Emp-Wage Part-3", "Emp-Wage Part-3\Emp-Wage Part-3.csproj", "{F79EDB4A-7B6F-485D-ADAD-7AC0D989DEF8}"
EndProject
Global
	GlobalSection(SolutionConfigurationPlatforms) = preSolution
		Debug|Any CPU = Debug|Any CPU
		Release|Any CPU = Release|Any CPU
	EndGlobalSection
	GlobalSection(ProjectConfigurationPlatforms) = postSolution
		{F79EDB4A-7B6F-485D-ADAD-7AC0D989DEF8}.Debug|Any CPU.ActiveCfg = Debug|Any CPU
		{F79EDB4A-7B6F-485D-ADAD-7AC0D989DEF8}.Debug|Any CPU.Build.0 = Debug|Any CPU
		{F79EDB4A-7B6F-485D-ADAD-7AC0D989DEF8}.Release|Any CPU.ActiveCfg = Release|Any CPU
		{F79EDB4A-7B6F-485D-ADAD-7AC0D989DEF8}.Release|Any CPU.Build.0 = Release|Any CPU
	EndGlobalSection
	GlobalSection(SolutionProperties) = preSolution
		HideSolutionNode = FALSE
	EndGlobalSection
	GlobalSection(ExtensibilityGlobals) = postSolution
		SolutionGuid = {F6953038-5DAD-44D6-BFE0-FBB0F09E5FD5}
	EndGlobalSection
EndGlobal
